
Microsoft Visual Studio Solution File, Format Version 12.00
# Visual Studio Version 16
VisualStudioVersion = 16.0.30320.27
MinimumVisualStudioVersion = 10.0.40219.1
Project("{FAE04EC0-301F-11D3-BF4B-00C04F79EFBC}") = "DressDiscount", "DressDiscount.csproj", "{5A43B396-0FF9-49F5-BBE4-A4B1B69407BA}"
EndProject
Global
	GlobalSection(SolutionConfigurationPlatforms) = preSolution
		Debug|Any CPU = Debug|Any CPU
		Release|Any CPU = Release|Any CPU
	EndGlobalSection
	GlobalSection(ProjectConfigurationPlatforms) = postSolution
		{5A43B396-0FF9-49F5-BBE4-A4B1B69407BA}.Debug|Any CPU.ActiveCfg = Debug|Any CPU
		{5A43B396-0FF9-49F5-BBE4-A4B1B69407BA}.Debug|Any CPU.Build.0 = Debug|Any CPU
		{5A43B396-0FF9-49F5-BBE4-A4B1B69407BA}.Release|Any CPU.ActiveCfg = Release|Any CPU
		{5A43B396-0FF9-49F5-BBE4-A4B1B69407BA}.Release|Any CPU.Build.0 = Release|Any CPU
	EndGlobalSection
	GlobalSection(SolutionProperties) = preSolution
		HideSolutionNode = FALSE
	EndGlobalSection
	GlobalSection(ExtensibilityGlobals) = postSolution
		SolutionGuid = {D87CA39D-B726-4C82-92EA-04CE3A67D667}
	EndGlobalSection
EndGlobal
